
Microsoft Visual Studio Solution File, Format Version 12.00
# Visual Studio Version 17
VisualStudioVersion = 17.3.32819.101
MinimumVisualStudioVersion = 10.0.40219.1
Project("{FAE04EC0-301F-11D3-BF4B-00C04F79EFBC}") = "ObjectRecognition", "ObjectRecognition\ObjectRecognition.csproj", "{55495419-4E3D-4CC2-804D-1BFC34639F34}"
EndProject
Global
	GlobalSection(SolutionConfigurationPlatforms) = preSolution
		Debug|Any CPU = Debug|Any CPU
		Release|Any CPU = Release|Any CPU
	EndGlobalSection
	GlobalSection(ProjectConfigurationPlatforms) = postSolution
		{55495419-4E3D-4CC2-804D-1BFC34639F34}.Debug|Any CPU.ActiveCfg = Debug|Any CPU
		{55495419-4E3D-4CC2-804D-1BFC34639F34}.Debug|Any CPU.Build.0 = Debug|Any CPU
		{55495419-4E3D-4CC2-804D-1BFC34639F34}.Release|Any CPU.ActiveCfg = Release|Any CPU
		{55495419-4E3D-4CC2-804D-1BFC34639F34}.Release|Any CPU.Build.0 = Release|Any CPU
	EndGlobalSection
	GlobalSection(SolutionProperties) = preSolution
		HideSolutionNode = FALSE
	EndGlobalSection
	GlobalSection(ExtensibilityGlobals) = postSolution
		SolutionGuid = {B9EAF816-FFDE-466F-9925-6ADEEB186307}
	EndGlobalSection
EndGlobal
